
Microsoft Visual Studio Solution File, Format Version 12.00
Project("{FAE04EC0-301F-11D3-BF4B-00C04F79EFBC}") = "BookStoreMVC", "BookStoreMVC\BookStoreMVC.csproj", "{CE04B9A5-49A4-4B14-B99C-091B6CF8794A}"
EndProject
Global
	GlobalSection(SolutionConfigurationPlatforms) = preSolution
		Debug|Any CPU = Debug|Any CPU
		Release|Any CPU = Release|Any CPU
	EndGlobalSection
	GlobalSection(ProjectConfigurationPlatforms) = postSolution
		{CE04B9A5-49A4-4B14-B99C-091B6CF8794A}.Debug|Any CPU.ActiveCfg = Debug|Any CPU
		{CE04B9A5-49A4-4B14-B99C-091B6CF8794A}.Debug|Any CPU.Build.0 = Debug|Any CPU
		{CE04B9A5-49A4-4B14-B99C-091B6CF8794A}.Release|Any CPU.ActiveCfg = Release|Any CPU
		{CE04B9A5-49A4-4B14-B99C-091B6CF8794A}.Release|Any CPU.Build.0 = Release|Any CPU
	EndGlobalSection
EndGlobal
